PODS:
  - Kingfisher (5.14.0):
    - Kingfisher/Core (= 5.14.0)
  - Kingfisher/Core (5.14.0)
  - KKPinCodeTextField (1.0.0)
  - LGButton (1.1.6)
  - SwiftLint (0.39.2)

DEPENDENCIES:
  - Kingfisher
  - KKPinCodeTextField
  - LGButton
  - SwiftLint

SPEC REPOS:
  trunk:
    - Kingfisher
    - KKPinCodeTextField
    - LGButton
    - SwiftLint

SPEC CHECKSUMS:
  Kingfisher: 7b64389a43139c903ec434788344c288217c792d
  KKPinCodeTextField: 63a1fb841fd6a412cf664ef64dc065fc6767bd3c
  LGButton: 9f0a7f9d3030e3f504108342f6b66d64a429371b
  SwiftLint: 22ccbbe3b8008684be5955693bab135e0ed6a447

PODFILE CHECKSUM: a96407f45abba7a0e47e55e1db79c5d117f18a35

COCOAPODS: 1.9.1
